{
  "nodes": {
    "crane": {
      "inputs": {
        "nixpkgs": [
          "nixpkgs"
        ]
      },
      "locked": {
        "lastModified": 1706473297,
        "narHash": "sha256-FbxuYIrHaXpsYCLtI1gCNJhd+qvERjPibXL3ctmVaCs=",
        "owner": "ipetkov",
        "repo": "crane",
        "rev": "fe812ef0dad5bb93a56c599d318be176d080281d",
        "type": "github"
      },
      "original": {
        "owner": "ipetkov",
        "ref": "v0.16.1",
        "repo": "crane",
        "type": "github"
      }
    },
    "fenix": {
      "inputs": {
        "nixpkgs": [
          "nixpkgs"
        ],
        "rust-analyzer-src": "rust-analyzer-src"
      },
      "locked": {
        "lastModified": 1709274179,
        "narHash": "sha256-O6EC6QELBLHzhdzBOJj0chx8AOcd4nDRECIagfT5Nd0=",
        "owner": "nix-community",
        "repo": "fenix",
        "rev": "4be608f4f81d351aacca01b21ffd91028c23cc22",
        "type": "github"
      },
      "original": {
        "owner": "nix-community",
        "ref": "monthly",
        "repo": "fenix",
        "type": "github"
      }
    },
    "flake-utils": {
      "inputs": {
        "systems": "systems"
      },
      "locked": {
        "lastModified": 1710146030,
        "narHash": "sha256-SZ5L6eA7HJ/nmkzGG7/ISclqe6oZdOZTNoesiInkXPQ=",
        "owner": "numtide",
        "repo": "flake-utils",
        "rev": "b1d9ab70662946ef0850d488da1c9019f3a9752a",
        "type": "github"
      },
      "original": {
        "owner": "numtide",
        "repo": "flake-utils",
        "type": "github"
      }
    },
    "gitea": {
      "flake": false,
      "locked": {
        "lastModified": 1701057329,
        "narHash": "sha256-3iMenHuWaJFhMm7s5zoNuC/DebziVNhLWQrEsuiDNHM=",
        "owner": "traPtitech",
        "repo": "gitea",
        "rev": "8abe54a9d4db1fdce7c517dc500a51e77d1f2c16",
        "type": "github"
      },
      "original": {
        "owner": "traPtitech",
        "ref": "traP-1.21.1-1",
        "repo": "gitea",
        "type": "github"
      }
    },
    "nixpkgs": {
      "locked": {
        "lastModified": 1711922408,
        "narHash": "sha256-haV3f+ZuhUC1REwje4UU9MGU6rlb0iPqFb1X2N5OygU=",
        "owner": "nixos",
        "repo": "nixpkgs",
        "rev": "4ba6c5140bd5731e687732b918445ce48110f689",
        "type": "github"
      },
      "original": {
        "owner": "nixos",
        "ref": "release-23.11",
        "repo": "nixpkgs",
        "type": "github"
      }
    },
    "octokit-webhooks": {
      "flake": false,
      "locked": {
        "lastModified": 1694904173,
        "narHash": "sha256-ckGVw5owHTv1h73LGan6mn4PZls4sNjRo/n+rrJHqe0=",
        "owner": "octokit",
        "repo": "webhooks",
        "rev": "c8983a4e4cbdb8ccc5d14d49fcf4ff9510f4c8d3",
        "type": "github"
      },
      "original": {
        "owner": "octokit",
        "ref": "v7.3.1",
        "repo": "webhooks",
        "type": "github"
      }
    },
    "root": {
      "inputs": {
        "crane": "crane",
        "fenix": "fenix",
        "flake-utils": "flake-utils",
        "gitea": "gitea",
        "nixpkgs": "nixpkgs",
        "octokit-webhooks": "octokit-webhooks",
        "teahook-rs": "teahook-rs"
      }
    },
    "rust-analyzer-src": {
      "flake": false,
      "locked": {
        "lastModified": 1709219524,
        "narHash": "sha256-8HHRXm4kYQLdUohNDUuCC3Rge7fXrtkjBUf0GERxrkM=",
        "owner": "rust-lang",
        "repo": "rust-analyzer",
        "rev": "9efa23c4dacee88b93540632eb3d88c5dfebfe17",
        "type": "github"
      },
      "original": {
        "owner": "rust-lang",
        "ref": "nightly",
        "repo": "rust-analyzer",
        "type": "github"
      }
    },
    "systems": {
      "locked": {
        "lastModified": 1681028828,
        "narHash": "sha256-Vy1rq5AaRuLzOxct8nz4T6wlgyUR7zLU309k9mBC768=",
        "owner": "nix-systems",
        "repo": "default",
        "rev": "da67096a3b9bf56a91d16901293e51ba5b49a27e",
        "type": "github"
      },
      "original": {
        "owner": "nix-systems",
        "repo": "default",
        "type": "github"
      }
    },
    "teahook-rs": {
      "inputs": {
        "crane": [
          "crane"
        ],
        "fenix": [
          "fenix"
        ],
        "flake-utils": [
          "flake-utils"
        ],
        "gitea": [
          "gitea"
        ],
        "nixpkgs": [
          "nixpkgs"
        ]
      },
      "locked": {
        "lastModified": 1707071638,
        "narHash": "sha256-+n+4AF1cvEje3BR60vdMlRURaf/3V19GRdTYu/fDCHQ=",
        "owner": "H1rono",
        "repo": "teahook-rs",
        "rev": "cc4258db10aa342c716d02b675da9af28473a2c1",
        "type": "github"
      },
      "original": {
        "owner": "H1rono",
        "repo": "teahook-rs",
        "type": "github"
      }
    }
  },
  "root": "root",
  "version": 7
}
